// !$*UTF8*$!
{
	archiveVersion = 1;
	classes = {
	};
	objectVersion = 46;
	objects = {

/* Begin PBXBuildFile section */
		0B0039BC1347C24100606EF3 /* StudyDictionaryAppDelegate.m in Sources */ = {isa = PBXBuildFile; fileRef = 0B0039BB1347C24100606EF3 /* StudyDictionaryAppDelegate.m */; };
		0B0039CC1347C28400606EF3 /* DictionarySearchViewController.m in Sources */ = {isa = PBXBuildFile; fileRef = 0B0039C21347C28400606EF3 /* DictionarySearchViewController.m */; };
		0B0039CD1347C28400606EF3 /* DictionarySearchView.xib in Resources */ = {isa = PBXBuildFile; fileRef = 0B0039C31347C28400606EF3 /* DictionarySearchView.xib */; };
		0B0039CE1347C28400606EF3 /* WordDefinitionViewController.m in Sources */ = {isa = PBXBuildFile; fileRef = 0B0039C51347C28400606EF3 /* WordDefinitionViewController.m */; };
		0B0039CF1347C28400606EF3 /* WordDefinitionView.xib in Resources */ = {isa = PBXBuildFile; fileRef = 0B0039C61347C28400606EF3 /* WordDefinitionView.xib */; };
		0B0039D01347C28400606EF3 /* WordListDetailViewController.m in Sources */ = {isa = PBXBuildFile; fileRef = 0B0039C81347C28400606EF3 /* WordListDetailViewController.m */; };
		0B0039D11347C28400606EF3 /* WordListDetailView.xib in Resources */ = {isa = PBXBuildFile; fileRef = 0B0039C91347C28400606EF3 /* WordListDetailView.xib */; };
		0B0039D31347C50800606EF3 /* CoreData.framework in Frameworks */ = {isa = PBXBuildFile; fileRef = 0B0039D21347C50800606EF3 /* CoreData.framework */; };
		0B003A391347C60700606EF3 /* CoreFoundation.framework in Frameworks */ = {isa = PBXBuildFile; fileRef = 0B003A381347C60700606EF3 /* CoreFoundation.framework */; };
		0B045E36138C6F2100117949 /* SVProgressHUD.bundle in Resources */ = {isa = PBXBuildFile; fileRef = 0B045E35138C6F2100117949 /* SVProgressHUD.bundle */; };
		0B055DDC13691AF900104D7B /* Debug.m in Sources */ = {isa = PBXBuildFile; fileRef = 0B055DDB13691AF900104D7B /* Debug.m */; };
		0B11342E143434150018888E /* SearchBarContents.m in Sources */ = {isa = PBXBuildFile; fileRef = 0B11342D143434150018888E /* SearchBarContents.m */; };
		0B134FAA13973354002849A9 /* StudyDictionary.sqlite in Resources */ = {isa = PBXBuildFile; fileRef = 0B134FA913973354002849A9 /* StudyDictionary.sqlite */; };
		0B184CF81352926300B111C9 /* iAd.framework in Frameworks */ = {isa = PBXBuildFile; fileRef = 0B184CF71352926300B111C9 /* iAd.framework */; };
		0B27751A142C1F6F002D05A7 /* ListViewController.m in Sources */ = {isa = PBXBuildFile; fileRef = 0B277519142C1F6F002D05A7 /* ListViewController.m */; };
		0B2D811A14522C2B00D3324B /* Wordnik.framework in Frameworks */ = {isa = PBXBuildFile; fileRef = 0B2D811914522C2B00D3324B /* Wordnik.framework */; };
		0B3520761451E98400A9F48D /* wordnik-logo.png in Resources */ = {isa = PBXBuildFile; fileRef = 0B3520741451E98400A9F48D /* wordnik-logo.png */; };
		0B3520771451E98400A9F48D /* wordnik-logo@2x.png in Resources */ = {isa = PBXBuildFile; fileRef = 0B3520751451E98400A9F48D /* wordnik-logo@2x.png */; };
		0B4174251363837200336DF5 /* WordListViewController.m in Sources */ = {isa = PBXBuildFile; fileRef = 0B4174231363837200336DF5 /* WordListViewController.m */; };
		0B4174261363837200336DF5 /* WordListView.xib in Resources */ = {isa = PBXBuildFile; fileRef = 0B4174241363837200336DF5 /* WordListView.xib */; };
		0B46C93213679AF1000E58EA /* ListSelectViewController.m in Sources */ = {isa = PBXBuildFile; fileRef = 0B46C93013679AF1000E58EA /* ListSelectViewController.m */; };
		0B46C93313679AF1000E58EA /* ListSelectView.xib in Resources */ = {isa = PBXBuildFile; fileRef = 0B46C93113679AF1000E58EA /* ListSelectView.xib */; };
		0B77D29F135E79FF004576AD /* Word.m in Sources */ = {isa = PBXBuildFile; fileRef = 0B77D29E135E79FF004576AD /* Word.m */; };
		0B77D2A2135E7A00004576AD /* List.m in Sources */ = {isa = PBXBuildFile; fileRef = 0B77D2A1135E7A00004576AD /* List.m */; };
		0B7A5F221355157D0086FD35 /* StudyDictionary.xcdatamodeld in Sources */ = {isa = PBXBuildFile; fileRef = 0B7A5F201355157D0086FD35 /* StudyDictionary.xcdatamodeld */; };
		0B7CF152144FD79D00BEE4FD /* AboutViewController.m in Sources */ = {isa = PBXBuildFile; fileRef = 0B7CF150144FD79D00BEE4FD /* AboutViewController.m */; };
		0B7CF153144FD79D00BEE4FD /* AboutViewController.xib in Resources */ = {isa = PBXBuildFile; fileRef = 0B7CF151144FD79D00BEE4FD /* AboutViewController.xib */; };
		0B9C26FD1378C47E00EF56E4 /* EditableTableViewCell.m in Sources */ = {isa = PBXBuildFile; fileRef = 0B9C26FC1378C47E00EF56E4 /* EditableTableViewCell.m */; };
		0B9C27001378C49300EF56E4 /* EditableTableViewCell.xib in Resources */ = {isa = PBXBuildFile; fileRef = 0B9C26FF1378C49300EF56E4 /* EditableTableViewCell.xib */; };
		0BE2A8B613518E5F00188E66 /* SVProgressHUD.m in Sources */ = {isa = PBXBuildFile; fileRef = 0BE2A8B513518E5F00188E66 /* SVProgressHUD.m */; };
		0BE2A8C013518F5C00188E66 /* QuartzCore.framework in Frameworks */ = {isa = PBXBuildFile; fileRef = 0BE2A8BF13518F5C00188E66 /* QuartzCore.framework */; };
		1D60589B0D05DD56006BFB54 /* main.m in Sources */ = {isa = PBXBuildFile; fileRef = 29B97316FDCFA39411CA2CEA /* main.m */; };
		1D60589F0D05DD5A006BFB54 /* Foundation.framework in Frameworks */ = {isa = PBXBuildFile; fileRef = 1D30AB110D05D00D00671497 /* Foundation.framework */; };
		1DF5F4E00D08C38300B7A737 /* UIKit.framework in Frameworks */ = {isa = PBXBuildFile; fileRef = 1DF5F4DF0D08C38300B7A737 /* UIKit.framework */; };
		288765A50DF7441C002DB57D /* CoreGraphics.framework in Frameworks */ = {isa = PBXBuildFile; fileRef = 288765A40DF7441C002DB57D /* CoreGraphics.framework */; };
		EA4C9A18132F5B0400B76158 /* MainWindow.xib in Resources */ = {isa = PBXBuildFile; fileRef = EA4C99F6132F5B0400B76158 /* MainWindow.xib */; };
		EA4C9A53132F5BE700B76158 /* CoreText.framework in Frameworks */ = {isa = PBXBuildFile; fileRef = EA4C9A52132F5BE700B76158 /* CoreText.framework */; };
		EA4C9A55132F5BE700B76158 /* libsqlite3.dylib in Frameworks */ = {isa = PBXBuildFile; fileRef = EA4C9A54132F5BE700B76158 /* libsqlite3.dylib */; };
		EA4C9A5B132F5C0E00B76158 /* SystemConfiguration.framework in Frameworks */ = {isa = PBXBuildFile; fileRef = EA4C9A5A132F5C0E00B76158 /* SystemConfiguration.framework */; };
/* End PBXBuildFile section */

/* Begin PBXFileReference section */
		0B0039BA1347C24100606EF3 /* StudyDictionaryAppDelegate.h */ = {isa = PBXFileReference; fileEncoding = 4; lastKnownFileType = sourcecode.c.h; path = StudyDictionaryAppDelegate.h; sourceTree = "<group>"; };
		0B0039BB1347C24100606EF3 /* StudyDictionaryAppDelegate.m */ = {isa = PBXFileReference; fileEncoding = 4; lastKnownFileType = sourcecode.c.objc; path = StudyDictionaryAppDelegate.m; sourceTree = "<group>"; };
		0B0039BD1347C28300606EF3 /* StudyDictionaryConstants.h */ = {isa = PBXFileReference; fileEncoding = 4; lastKnownFileType = sourcecode.c.h; path = StudyDictionaryConstants.h; sourceTree = "<group>"; };
		0B0039C11347C28400606EF3 /* DictionarySearchViewController.h */ = {isa = PBXFileReference; fileEncoding = 4; lastKnownFileType = sourcecode.c.h; path = DictionarySearchViewController.h; sourceTree = "<group>"; };
		0B0039C21347C28400606EF3 /* DictionarySearchViewController.m */ = {isa = PBXFileReference; fileEncoding = 4; lastKnownFileType = sourcecode.c.objc; path = DictionarySearchViewController.m; sourceTree = "<group>"; };
		0B0039C31347C28400606EF3 /* DictionarySearchView.xib */ = {isa = PBXFileReference; fileEncoding = 4; lastKnownFileType = file.xib; name = DictionarySearchView.xib; path = Classes/DictionarySearchView.xib; sourceTree = "<group>"; };
		0B0039C41347C28400606EF3 /* WordDefinitionViewController.h */ = {isa = PBXFileReference; fileEncoding = 4; lastKnownFileType = sourcecode.c.h; path = WordDefinitionViewController.h; sourceTree = "<group>"; };
		0B0039C51347C28400606EF3 /* WordDefinitionViewController.m */ = {isa = PBXFileReference; fileEncoding = 4; lastKnownFileType = sourcecode.c.objc; path = WordDefinitionViewController.m; sourceTree = "<group>"; };
		0B0039C61347C28400606EF3 /* WordDefinitionView.xib */ = {isa = PBXFileReference; fileEncoding = 4; lastKnownFileType = file.xib; name = WordDefinitionView.xib; path = Classes/WordDefinitionView.xib; sourceTree = "<group>"; };
		0B0039C71347C28400606EF3 /* WordListDetailViewController.h */ = {isa = PBXFileReference; fileEncoding = 4; lastKnownFileType = sourcecode.c.h; path = WordListDetailViewController.h; sourceTree = "<group>"; };
		0B0039C81347C28400606EF3 /* WordListDetailViewController.m */ = {isa = PBXFileReference; fileEncoding = 4; lastKnownFileType = sourcecode.c.objc; path = WordListDetailViewController.m; sourceTree = "<group>"; };
		0B0039C91347C28400606EF3 /* WordListDetailView.xib */ = {isa = PBXFileReference; fileEncoding = 4; lastKnownFileType = file.xib; name = WordListDetailView.xib; path = Classes/WordListDetailView.xib; sourceTree = "<group>"; };
		0B0039D21347C50800606EF3 /* CoreData.framework */ = {isa = PBXFileReference; lastKnownFileType = wrapper.framework; name = CoreData.framework; path = System/Library/Frameworks/CoreData.framework; sourceTree = SDKROOT; };
		0B003A381347C60700606EF3 /* CoreFoundation.framework */ = {isa = PBXFileReference; lastKnownFileType = wrapper.framework; name = CoreFoundation.framework; path = System/Library/Frameworks/CoreFoundation.framework; sourceTree = SDKROOT; };
		0B045E35138C6F2100117949 /* SVProgressHUD.bundle */ = {isa = PBXFileReference; lastKnownFileType = "wrapper.plug-in"; name = SVProgressHUD.bundle; path = External/SVProgressHUD/SVProgressHUD/SVProgressHUD.bundle; sourceTree = "<group>"; };
		0B055DDA13691AF900104D7B /* Debug.h */ = {isa = PBXFileReference; fileEncoding = 4; lastKnownFileType = sourcecode.c.h; path = Debug.h; sourceTree = "<group>"; };
		0B055DDB13691AF900104D7B /* Debug.m */ = {isa = PBXFileReference; fileEncoding = 4; lastKnownFileType = sourcecode.c.objc; path = Debug.m; sourceTree = "<group>"; };
		0B11342B1433FB690018888E /* StudyDictionary-1.1.xcdatamodel */ = {isa = PBXFileReference; lastKnownFileType = wrapper.xcdatamodel; path = "StudyDictionary-1.1.xcdatamodel"; sourceTree = "<group>"; };
		0B11342C143434150018888E /* SearchBarContents.h */ = {isa = PBXFileReference; fileEncoding = 4; lastKnownFileType = sourcecode.c.h; path = SearchBarContents.h; sourceTree = "<group>"; };
		0B11342D143434150018888E /* SearchBarContents.m */ = {isa = PBXFileReference; fileEncoding = 4; lastKnownFileType = sourcecode.c.objc; path = SearchBarContents.m; sourceTree = "<group>"; };
		0B134FA913973354002849A9 /* StudyDictionary.sqlite */ = {isa = PBXFileReference; lastKnownFileType = file; path = StudyDictionary.sqlite; sourceTree = "<group>"; };
		0B184CF71352926300B111C9 /* iAd.framework */ = {isa = PBXFileReference; lastKnownFileType = wrapper.framework; name = iAd.framework; path = System/Library/Frameworks/iAd.framework; sourceTree = SDKROOT; };
		0B277518142C1F6F002D05A7 /* ListViewController.h */ = {isa = PBXFileReference; fileEncoding = 4; lastKnownFileType = sourcecode.c.h; path = ListViewController.h; sourceTree = "<group>"; };
		0B277519142C1F6F002D05A7 /* ListViewController.m */ = {isa = PBXFileReference; fileEncoding = 4; lastKnownFileType = sourcecode.c.objc; path = ListViewController.m; sourceTree = "<group>"; };
		0B2D811914522C2B00D3324B /* Wordnik.framework */ = {isa = PBXFileReference; lastKnownFileType = wrapper.framework; name = Wordnik.framework; path = "External/wordkit/frameworks/objective-c/Wordnik WordKit 1.02/iOS Framework/Wordnik.framework"; sourceTree = "<group>"; };
		0B3520741451E98400A9F48D /* wordnik-logo.png */ = {isa = PBXFileReference; lastKnownFileType = image.png; name = "wordnik-logo.png"; path = "Images/Wordnik/wordnik-logo.png"; sourceTree = "<group>"; };
		0B3520751451E98400A9F48D /* wordnik-logo@2x.png */ = {isa = PBXFileReference; lastKnownFileType = image.png; name = "wordnik-logo@2x.png"; path = "Images/Wordnik/wordnik-logo@2x.png"; sourceTree = "<group>"; };
		0B4174221363837200336DF5 /* WordListViewController.h */ = {isa = PBXFileReference; fileEncoding = 4; lastKnownFileType = sourcecode.c.h; path = WordListViewController.h; sourceTree = "<group>"; };
		0B4174231363837200336DF5 /* WordListViewController.m */ = {isa = PBXFileReference; fileEncoding = 4; lastKnownFileType = sourcecode.c.objc; path = WordListViewController.m; sourceTree = "<group>"; };
		0B4174241363837200336DF5 /* WordListView.xib */ = {isa = PBXFileReference; fileEncoding = 4; lastKnownFileType = file.xib; name = WordListView.xib; path = Classes/WordListView.xib; sourceTree = "<group>"; };
		0B46C92F13679AF1000E58EA /* ListSelectViewController.h */ = {isa = PBXFileReference; fileEncoding = 4; lastKnownFileType = sourcecode.c.h; path = ListSelectViewController.h; sourceTree = "<group>"; };
		0B46C93013679AF1000E58EA /* ListSelectViewController.m */ = {isa = PBXFileReference; fileEncoding = 4; lastKnownFileType = sourcecode.c.objc; path = ListSelectViewController.m; sourceTree = "<group>"; };
		0B46C93113679AF1000E58EA /* ListSelectView.xib */ = {isa = PBXFileReference; fileEncoding = 4; lastKnownFileType = file.xib; name = ListSelectView.xib; path = Classes/ListSelectView.xib; sourceTree = "<group>"; };
		0B77D29D135E79FF004576AD /* Word.h */ = {isa = PBXFileReference; fileEncoding = 4; lastKnownFileType = sourcecode.c.h; path = Word.h; sourceTree = "<group>"; };
		0B77D29E135E79FF004576AD /* Word.m */ = {isa = PBXFileReference; fileEncoding = 4; lastKnownFileType = sourcecode.c.objc; path = Word.m; sourceTree = "<group>"; };
		0B77D2A0135E7A00004576AD /* List.h */ = {isa = PBXFileReference; fileEncoding = 4; lastKnownFileType = sourcecode.c.h; path = List.h; sourceTree = "<group>"; };
		0B77D2A1135E7A00004576AD /* List.m */ = {isa = PBXFileReference; fileEncoding = 4; lastKnownFileType = sourcecode.c.objc; path = List.m; sourceTree = "<group>"; };
		0B7A5F211355157D0086FD35 /* StudyDictionary.xcdatamodel */ = {isa = PBXFileReference; lastKnownFileType = wrapper.xcdatamodel; path = StudyDictionary.xcdatamodel; sourceTree = "<group>"; };
		0B7CF14F144FD79D00BEE4FD /* AboutViewController.h */ = {isa = PBXFileReference; fileEncoding = 4; lastKnownFileType = sourcecode.c.h; path = AboutViewController.h; sourceTree = "<group>"; };
		0B7CF150144FD79D00BEE4FD /* AboutViewController.m */ = {isa = PBXFileReference; fileEncoding = 4; lastKnownFileType = sourcecode.c.objc; path = AboutViewController.m; sourceTree = "<group>"; };
		0B7CF151144FD79D00BEE4FD /* AboutViewController.xib */ = {isa = PBXFileReference; fileEncoding = 4; lastKnownFileType = file.xib; name = AboutViewController.xib; path = Classes/AboutViewController.xib; sourceTree = "<group>"; };
		0B9C26FB1378C47E00EF56E4 /* EditableTableViewCell.h */ = {isa = PBXFileReference; fileEncoding = 4; lastKnownFileType = sourcecode.c.h; path = EditableTableViewCell.h; sourceTree = "<group>"; };
		0B9C26FC1378C47E00EF56E4 /* EditableTableViewCell.m */ = {isa = PBXFileReference; fileEncoding = 4; lastKnownFileType = sourcecode.c.objc; path = EditableTableViewCell.m; sourceTree = "<group>"; };
		0B9C26FF1378C49300EF56E4 /* EditableTableViewCell.xib */ = {isa = PBXFileReference; fileEncoding = 4; lastKnownFileType = file.xib; name = EditableTableViewCell.xib; path = Classes/EditableTableViewCell.xib; sourceTree = "<group>"; };
		0BE2A8B413518E5F00188E66 /* SVProgressHUD.h */ = {isa = PBXFileReference; fileEncoding = 4; lastKnownFileType = sourcecode.c.h; name = SVProgressHUD.h; path = External/SVProgressHUD/SVProgressHUD/SVProgressHUD.h; sourceTree = SOURCE_ROOT; };
		0BE2A8B513518E5F00188E66 /* SVProgressHUD.m */ = {isa = PBXFileReference; fileEncoding = 4; lastKnownFileType = sourcecode.c.objc; name = SVProgressHUD.m; path = External/SVProgressHUD/SVProgressHUD/SVProgressHUD.m; sourceTree = SOURCE_ROOT; };
		0BE2A8BF13518F5C00188E66 /* QuartzCore.framework */ = {isa = PBXFileReference; lastKnownFileType = wrapper.framework; name = QuartzCore.framework; path = System/Library/Frameworks/QuartzCore.framework; sourceTree = SDKROOT; };
		0BF42CB1134FCD24003844D2 /* StudyDictionaryAPIConstants.h */ = {isa = PBXFileReference; fileEncoding = 4; lastKnownFileType = sourcecode.c.h; path = StudyDictionaryAPIConstants.h; sourceTree = "<group>"; };
		1D30AB110D05D00D00671497 /* Foundation.framework */ = {isa = PBXFileReference; lastKnownFileType = wrapper.framework; name = Foundation.framework; path = System/Library/Frameworks/Foundation.framework; sourceTree = SDKROOT; };
		1D6058910D05DD3D006BFB54 /* StudyDictionary.app */ = {isa = PBXFileReference; explicitFileType = wrapper.application; includeInIndex = 0; path = StudyDictionary.app; sourceTree = BUILT_PRODUCTS_DIR; };
		1DF5F4DF0D08C38300B7A737 /* UIKit.framework */ = {isa = PBXFileReference; lastKnownFileType = wrapper.framework; name = UIKit.framework; path = System/Library/Frameworks/UIKit.framework; sourceTree = SDKROOT; };
		288765A40DF7441C002DB57D /* CoreGraphics.framework */ = {isa = PBXFileReference; lastKnownFileType = wrapper.framework; name = CoreGraphics.framework; path = System/Library/Frameworks/CoreGraphics.framework; sourceTree = SDKROOT; };
		29B97316FDCFA39411CA2CEA /* main.m */ = {isa = PBXFileReference; fileEncoding = 4; lastKnownFileType = sourcecode.c.objc; path = main.m; sourceTree = "<group>"; };
		32CA4F630368D1EE00C91783 /* StudyDictionary_Prefix.pch */ = {isa = PBXFileReference; fileEncoding = 4; lastKnownFileType = sourcecode.c.h; path = StudyDictionary_Prefix.pch; sourceTree = "<group>"; };
		8D1107310486CEB800E47090 /* StudyDictionary-Info.plist */ = {isa = PBXFileReference; fileEncoding = 4; lastKnownFileType = text.plist.xml; path = "StudyDictionary-Info.plist"; plistStructureDefinitionIdentifier = "com.apple.xcode.plist.structure-definition.iphone.info-plist"; sourceTree = "<group>"; };
		EA4C99F6132F5B0400B76158 /* MainWindow.xib */ = {isa = PBXFileReference; lastKnownFileType = file.xib; path = MainWindow.xib; sourceTree = "<group>"; };
		EA4C9A52132F5BE700B76158 /* CoreText.framework */ = {isa = PBXFileReference; lastKnownFileType = wrapper.framework; name = CoreText.framework; path = System/Library/Frameworks/CoreText.framework; sourceTree = SDKROOT; };
		EA4C9A54132F5BE700B76158 /* libsqlite3.dylib */ = {isa = PBXFileReference; lastKnownFileType = "compiled.mach-o.dylib"; name = libsqlite3.dylib; path = usr/lib/libsqlite3.dylib; sourceTree = SDKROOT; };
		EA4C9A5A132F5C0E00B76158 /* SystemConfiguration.framework */ = {isa = PBXFileReference; lastKnownFileType = wrapper.framework; name = SystemConfiguration.framework; path = System/Library/Frameworks/SystemConfiguration.framework; sourceTree = SDKROOT; };
/* End PBXFileReference section */

/* Begin PBXFrameworksBuildPhase section */
		1D60588F0D05DD3D006BFB54 /* Frameworks */ = {
			isa = PBXFrameworksBuildPhase;
			buildActionMask = 2147483647;
			files = (
				0B0039D31347C50800606EF3 /* CoreData.framework in Frameworks */,
				0B003A391347C60700606EF3 /* CoreFoundation.framework in Frameworks */,
				288765A50DF7441C002DB57D /* CoreGraphics.framework in Frameworks */,
				EA4C9A53132F5BE700B76158 /* CoreText.framework in Frameworks */,
				1D60589F0D05DD5A006BFB54 /* Foundation.framework in Frameworks */,
				0B184CF81352926300B111C9 /* iAd.framework in Frameworks */,
				EA4C9A55132F5BE700B76158 /* libsqlite3.dylib in Frameworks */,
				0BE2A8C013518F5C00188E66 /* QuartzCore.framework in Frameworks */,
				EA4C9A5B132F5C0E00B76158 /* SystemConfiguration.framework in Frameworks */,
				1DF5F4E00D08C38300B7A737 /* UIKit.framework in Frameworks */,
				0B2D811A14522C2B00D3324B /* Wordnik.framework in Frameworks */,
			);
			runOnlyForDeploymentPostprocessing = 0;
		};
/* End PBXFrameworksBuildPhase section */

/* Begin PBXGroup section */
		080E96DDFE201D6D7F000001 /* Classes */ = {
			isa = PBXGroup;
			children = (
				0BA5E76E134FB92200C55664 /* External */,
				0B0039BA1347C24100606EF3 /* StudyDictionaryAppDelegate.h */,
				0B0039BB1347C24100606EF3 /* StudyDictionaryAppDelegate.m */,
				0B0039BD1347C28300606EF3 /* StudyDictionaryConstants.h */,
				0BF42CB1134FCD24003844D2 /* StudyDictionaryAPIConstants.h */,
				0B0039C11347C28400606EF3 /* DictionarySearchViewController.h */,
				0B0039C21347C28400606EF3 /* DictionarySearchViewController.m */,
				0B0039C41347C28400606EF3 /* WordDefinitionViewController.h */,
				0B0039C51347C28400606EF3 /* WordDefinitionViewController.m */,
				0B277518142C1F6F002D05A7 /* ListViewController.h */,
				0B277519142C1F6F002D05A7 /* ListViewController.m */,
				0B46C92F13679AF1000E58EA /* ListSelectViewController.h */,
				0B46C93013679AF1000E58EA /* ListSelectViewController.m */,
				0B4174221363837200336DF5 /* WordListViewController.h */,
				0B4174231363837200336DF5 /* WordListViewController.m */,
				0B0039C71347C28400606EF3 /* WordListDetailViewController.h */,
				0B0039C81347C28400606EF3 /* WordListDetailViewController.m */,
				0B7CF14F144FD79D00BEE4FD /* AboutViewController.h */,
				0B7CF150144FD79D00BEE4FD /* AboutViewController.m */,
				0B9C26FB1378C47E00EF56E4 /* EditableTableViewCell.h */,
				0B9C26FC1378C47E00EF56E4 /* EditableTableViewCell.m */,
				0B11342C143434150018888E /* SearchBarContents.h */,
				0B11342D143434150018888E /* SearchBarContents.m */,
				0B77D2A0135E7A00004576AD /* List.h */,
				0B77D2A1135E7A00004576AD /* List.m */,
				0B77D29D135E79FF004576AD /* Word.h */,
				0B77D29E135E79FF004576AD /* Word.m */,
				0B055DDA13691AF900104D7B /* Debug.h */,
				0B055DDB13691AF900104D7B /* Debug.m */,
			);
			path = Classes;
			sourceTree = "<group>";
		};
		0B134FAB139750AF002849A9 /* Launch */ = {
			isa = PBXGroup;
			children = (
			);
			name = Launch;
			sourceTree = "<group>";
		};
		0B184CCE1352551900B111C9 /* Icons */ = {
			isa = PBXGroup;
			children = (
			);
			name = Icons;
			sourceTree = "<group>";
		};
		0B53F2EF134D6E1600B61B41 /* Images */ = {
			isa = PBXGroup;
			children = (
				0B184CCE1352551900B111C9 /* Icons */,
				0B134FAB139750AF002849A9 /* Launch */,
				0BC06F491397572900412F7A /* Misc */,
				0BE2A8C113519D4000188E66 /* SVProgressHUD */,
				0B53F2F1134D6E2400B61B41 /* TabBar */,
				0B7CF155144FD9DE00BEE4FD /* Wordnik */,
			);
			name = Images;
			sourceTree = "<group>";
		};
		0B53F2F1134D6E2400B61B41 /* TabBar */ = {
			isa = PBXGroup;
			children = (
			);
			name = TabBar;
			sourceTree = "<group>";
		};
		0B7CF155144FD9DE00BEE4FD /* Wordnik */ = {
			isa = PBXGroup;
			children = (
				0B3520741451E98400A9F48D /* wordnik-logo.png */,
				0B3520751451E98400A9F48D /* wordnik-logo@2x.png */,
			);
			name = Wordnik;
			sourceTree = "<group>";
		};
		0BA5E76E134FB92200C55664 /* External */ = {
			isa = PBXGroup;
			children = (
				0BE2A8B313518E4D00188E66 /* SVProgressHUD */,
			);
			name = External;
			sourceTree = "<group>";
		};
		0BC06F491397572900412F7A /* Misc */ = {
			isa = PBXGroup;
			children = (
			);
			name = Misc;
			sourceTree = "<group>";
		};
		0BE2A8B313518E4D00188E66 /* SVProgressHUD */ = {
			isa = PBXGroup;
			children = (
				0BE2A8B413518E5F00188E66 /* SVProgressHUD.h */,
				0BE2A8B513518E5F00188E66 /* SVProgressHUD.m */,
			);
			name = SVProgressHUD;
			sourceTree = "<group>";
		};
		0BE2A8C113519D4000188E66 /* SVProgressHUD */ = {
			isa = PBXGroup;
			children = (
				0B045E35138C6F2100117949 /* SVProgressHUD.bundle */,
			);
			name = SVProgressHUD;
			sourceTree = "<group>";
		};
		19C28FACFE9D520D11CA2CBB /* Products */ = {
			isa = PBXGroup;
			children = (
				1D6058910D05DD3D006BFB54 /* StudyDictionary.app */,
			);
			name = Products;
			sourceTree = "<group>";
		};
		29B97314FDCFA39411CA2CEA /* CustomTemplate */ = {
			isa = PBXGroup;
			children = (
				080E96DDFE201D6D7F000001 /* Classes */,
				29B97315FDCFA39411CA2CEA /* Other Sources */,
				29B97317FDCFA39411CA2CEA /* Resources */,
				29B97323FDCFA39411CA2CEA /* Frameworks */,
				19C28FACFE9D520D11CA2CBB /* Products */,
			);
			name = CustomTemplate;
			sourceTree = "<group>";
		};
		29B97315FDCFA39411CA2CEA /* Other Sources */ = {
			isa = PBXGroup;
			children = (
				32CA4F630368D1EE00C91783 /* StudyDictionary_Prefix.pch */,
				29B97316FDCFA39411CA2CEA /* main.m */,
			);
			name = "Other Sources";
			sourceTree = "<group>";
		};
		29B97317FDCFA39411CA2CEA /* Resources */ = {
			isa = PBXGroup;
			children = (
				0B53F2EF134D6E1600B61B41 /* Images */,
				0B7CF151144FD79D00BEE4FD /* AboutViewController.xib */,
				0B0039C31347C28400606EF3 /* DictionarySearchView.xib */,
				0B9C26FF1378C49300EF56E4 /* EditableTableViewCell.xib */,
				0B0039C61347C28400606EF3 /* WordDefinitionView.xib */,
				0B46C93113679AF1000E58EA /* ListSelectView.xib */,
				0B4174241363837200336DF5 /* WordListView.xib */,
				0B0039C91347C28400606EF3 /* WordListDetailView.xib */,
				EA4C99F6132F5B0400B76158 /* MainWindow.xib */,
				0B134FA913973354002849A9 /* StudyDictionary.sqlite */,
				0B7A5F201355157D0086FD35 /* StudyDictionary.xcdatamodeld */,
				8D1107310486CEB800E47090 /* StudyDictionary-Info.plist */,
			);
			name = Resources;
			sourceTree = "<group>";
		};
		29B97323FDCFA39411CA2CEA /* Frameworks */ = {
			isa = PBXGroup;
			children = (
				0B0039D21347C50800606EF3 /* CoreData.framework */,
				0B003A381347C60700606EF3 /* CoreFoundation.framework */,
				288765A40DF7441C002DB57D /* CoreGraphics.framework */,
				EA4C9A52132F5BE700B76158 /* CoreText.framework */,
				1D30AB110D05D00D00671497 /* Foundation.framework */,
				0B184CF71352926300B111C9 /* iAd.framework */,
				EA4C9A54132F5BE700B76158 /* libsqlite3.dylib */,
				0BE2A8BF13518F5C00188E66 /* QuartzCore.framework */,
				EA4C9A5A132F5C0E00B76158 /* SystemConfiguration.framework */,
				1DF5F4DF0D08C38300B7A737 /* UIKit.framework */,
				0B2D811914522C2B00D3324B /* Wordnik.framework */,
			);
			name = Frameworks;
			sourceTree = "<group>";
		};
/* End PBXGroup section */

/* Begin PBXNativeTarget section */
		1D6058900D05DD3D006BFB54 /* StudyDictionary */ = {
			isa = PBXNativeTarget;
			buildConfigurationList = 1D6058960D05DD3E006BFB54 /* Build configuration list for PBXNativeTarget "StudyDictionary" */;
			buildPhases = (
				1D60588D0D05DD3D006BFB54 /* Resources */,
				1D60588E0D05DD3D006BFB54 /* Sources */,
				1D60588F0D05DD3D006BFB54 /* Frameworks */,
			);
			buildRules = (
			);
			dependencies = (
			);
			name = StudyDictionary;
			productName = WNDemoApp;
			productReference = 1D6058910D05DD3D006BFB54 /* StudyDictionary.app */;
			productType = "com.apple.product-type.application";
		};
/* End PBXNativeTarget section */

/* Begin PBXProject section */
		29B97313FDCFA39411CA2CEA /* Project object */ = {
			isa = PBXProject;
			attributes = {
				LastUpgradeCheck = 0420;
			};
			buildConfigurationList = C01FCF4E08A954540054247B /* Build configuration list for PBXProject "StudyDictionary" */;
			compatibilityVersion = "Xcode 3.2";
			developmentRegion = English;
			hasScannedForEncodings = 1;
			knownRegions = (
				English,
				Japanese,
				French,
				German,
			);
			mainGroup = 29B97314FDCFA39411CA2CEA /* CustomTemplate */;
			projectDirPath = "";
			projectRoot = "";
			targets = (
				1D6058900D05DD3D006BFB54 /* StudyDictionary */,
			);
		};
/* End PBXProject section */

/* Begin PBXResourcesBuildPhase section */
		1D60588D0D05DD3D006BFB54 /* Resources */ = {
			isa = PBXResourcesBuildPhase;
			buildActionMask = 2147483647;
			files = (
				EA4C9A18132F5B0400B76158 /* MainWindow.xib in Resources */,
				0B0039CD1347C28400606EF3 /* DictionarySearchView.xib in Resources */,
				0B0039CF1347C28400606EF3 /* WordDefinitionView.xib in Resources */,
				0B0039D11347C28400606EF3 /* WordListDetailView.xib in Resources */,
				0B4174261363837200336DF5 /* WordListView.xib in Resources */,
				0B46C93313679AF1000E58EA /* ListSelectView.xib in Resources */,
				0B9C27001378C49300EF56E4 /* EditableTableViewCell.xib in Resources */,
				0B045E36138C6F2100117949 /* SVProgressHUD.bundle in Resources */,
				0B134FAA13973354002849A9 /* StudyDictionary.sqlite in Resources */,
				0B7CF153144FD79D00BEE4FD /* AboutViewController.xib in Resources */,
				0B3520761451E98400A9F48D /* wordnik-logo.png in Resources */,
				0B3520771451E98400A9F48D /* wordnik-logo@2x.png in Resources */,
			);
			runOnlyForDeploymentPostprocessing = 0;
		};
/* End PBXResourcesBuildPhase section */

/* Begin PBXSourcesBuildPhase section */
		1D60588E0D05DD3D006BFB54 /* Sources */ = {
			isa = PBXSourcesBuildPhase;
			buildActionMask = 2147483647;
			files = (
				1D60589B0D05DD56006BFB54 /* main.m in Sources */,
				0B0039BC1347C24100606EF3 /* StudyDictionaryAppDelegate.m in Sources */,
				0B0039CC1347C28400606EF3 /* DictionarySearchViewController.m in Sources */,
				0B0039CE1347C28400606EF3 /* WordDefinitionViewController.m in Sources */,
				0B0039D01347C28400606EF3 /* WordListDetailViewController.m in Sources */,
				0BE2A8B613518E5F00188E66 /* SVProgressHUD.m in Sources */,
				0B7A5F221355157D0086FD35 /* StudyDictionary.xcdatamodeld in Sources */,
				0B77D29F135E79FF004576AD /* Word.m in Sources */,
				0B77D2A2135E7A00004576AD /* List.m in Sources */,
				0B4174251363837200336DF5 /* WordListViewController.m in Sources */,
				0B46C93213679AF1000E58EA /* ListSelectViewController.m in Sources */,
				0B055DDC13691AF900104D7B /* Debug.m in Sources */,
				0B9C26FD1378C47E00EF56E4 /* EditableTableViewCell.m in Sources */,
				0B27751A142C1F6F002D05A7 /* ListViewController.m in Sources */,
				0B11342E143434150018888E /* SearchBarContents.m in Sources */,
				0B7CF152144FD79D00BEE4FD /* AboutViewController.m in Sources */,
			);
			runOnlyForDeploymentPostprocessing = 0;
		};
/* End PBXSourcesBuildPhase section */

/* Begin XCBuildConfiguration section */
		1D6058940D05DD3E006BFB54 /* Debug */ = {
			isa = XCBuildConfiguration;
			buildSettings = {
				ALWAYS_SEARCH_USER_PATHS = NO;
				CODE_SIGN_IDENTITY = "iPhone Developer";
				COPY_PHASE_STRIP = NO;
				FRAMEWORK_SEARCH_PATHS = (
					"$(inherited)",
					"\"$(SRCROOT)/External/wordkit/frameworks/objective-c/Wordnik WordKit 1.0/iOS Framework\"",
					"\"$(SRCROOT)/External/wordkit/frameworks/objective-c/Wordnik WordKit 1.02/iOS Framework\"",
				);
				GCC_DYNAMIC_NO_PIC = NO;
				GCC_OPTIMIZATION_LEVEL = 0;
				GCC_PRECOMPILE_PREFIX_HEADER = YES;
				GCC_PREFIX_HEADER = StudyDictionary_Prefix.pch;
				GCC_VERSION = com.apple.compilers.llvm.clang.1_0;
				INFOPLIST_FILE = "StudyDictionary-Info.plist";
				IPHONEOS_DEPLOYMENT_TARGET = 4.2;
				LIBRARY_SEARCH_PATHS = (
					"$(inherited)",
					"\"$(SRCROOT)/External/GoogleAdMobAdsSDK\"",
				);
				OTHER_LDFLAGS = "-ObjC";
				PRODUCT_NAME = StudyDictionary;
				PROVISIONING_PROFILE = "";
			};
			name = Debug;
		};
		1D6058950D05DD3E006BFB54 /* Release */ = {
			isa = XCBuildConfiguration;
			buildSettings = {
				ALWAYS_SEARCH_USER_PATHS = NO;
				CODE_SIGN_IDENTITY = "iPhone Developer";
				COPY_PHASE_STRIP = YES;
				FRAMEWORK_SEARCH_PATHS = (
					"$(inherited)",
					"\"$(SRCROOT)/External/wordkit/frameworks/objective-c/Wordnik WordKit 1.0/iOS Framework\"",
					"\"$(SRCROOT)/External/wordkit/frameworks/objective-c/Wordnik WordKit 1.02/iOS Framework\"",
				);
				GCC_PRECOMPILE_PREFIX_HEADER = YES;
				GCC_PREFIX_HEADER = StudyDictionary_Prefix.pch;
				GCC_VERSION = com.apple.compilers.llvm.clang.1_0;
				INFOPLIST_FILE = "StudyDictionary-Info.plist";
				IPHONEOS_DEPLOYMENT_TARGET = 4.2;
				LIBRARY_SEARCH_PATHS = (
					"$(inherited)",
					"\"$(SRCROOT)/External/GoogleAdMobAdsSDK\"",
				);
				OTHER_LDFLAGS = "-ObjC";
				PRODUCT_NAME = StudyDictionary;
				PROVISIONING_PROFILE = "";
				VALIDATE_PRODUCT = YES;
			};
			name = Release;
		};
		C01FCF4F08A954540054247B /* Debug */ = {
			isa = XCBuildConfiguration;
			buildSettings = {
				ARCHS = "$(ARCHS_STANDARD_32_BIT)";
				CODE_SIGN_IDENTITY = "iPhone Developer";
				"CODE_SIGN_IDENTITY[sdk=iphoneos*]" = "";
				GCC_C_LANGUAGE_STANDARD = c99;
				GCC_WARN_ABOUT_RETURN_TYPE = YES;
				GCC_WARN_UNUSED_VARIABLE = YES;
				IPHONEOS_DEPLOYMENT_TARGET = 5.0;
				OTHER_CFLAGS = "";
				PROVISIONING_PROFILE = "";
				SDKROOT = iphoneos;
			};
			name = Debug;
		};
		C01FCF5008A954540054247B /* Release */ = {
			isa = XCBuildConfiguration;
			buildSettings = {
				ARCHS = "$(ARCHS_STANDARD_32_BIT)";
				CODE_SIGN_IDENTITY = "iPhone Developer";
				"CODE_SIGN_IDENTITY[sdk=iphoneos*]" = "";
				GCC_C_LANGUAGE_STANDARD = c99;
				GCC_WARN_ABOUT_RETURN_TYPE = YES;
				GCC_WARN_UNUSED_VARIABLE = YES;
				IPHONEOS_DEPLOYMENT_TARGET = 5.0;
				OTHER_CFLAGS = "-DNS_BLOCK_ASSERTIONS=1";
				PROVISIONING_PROFILE = "";
				SDKROOT = iphoneos;
			};
			name = Release;
		};
/* End XCBuildConfiguration section */

/* Begin XCConfigurationList section */
		1D6058960D05DD3E006BFB54 /* Build configuration list for PBXNativeTarget "StudyDictionary" */ = {
			isa = XCConfigurationList;
			buildConfigurations = (
				1D6058940D05DD3E006BFB54 /* Debug */,
				1D6058950D05DD3E006BFB54 /* Release */,
			);
			defaultConfigurationIsVisible = 0;
			defaultConfigurationName = Release;
		};
		C01FCF4E08A954540054247B /* Build configuration list for PBXProject "StudyDictionary" */ = {
			isa = XCConfigurationList;
			buildConfigurations = (
				C01FCF4F08A954540054247B /* Debug */,
				C01FCF5008A954540054247B /* Release */,
			);
			defaultConfigurationIsVisible = 0;
			defaultConfigurationName = Release;
		};
/* End XCConfigurationList section */

/* Begin XCVersionGroup section */
		0B7A5F201355157D0086FD35 /* StudyDictionary.xcdatamodeld */ = {
			isa = XCVersionGroup;
			children = (
				0B11342B1433FB690018888E /* StudyDictionary-1.1.xcdatamodel */,
				0B7A5F211355157D0086FD35 /* StudyDictionary.xcdatamodel */,
			);
			currentVersion = 0B11342B1433FB690018888E /* StudyDictionary-1.1.xcdatamodel */;
			path = StudyDictionary.xcdatamodeld;
			sourceTree = "<group>";
			versionGroupType = wrapper.xcdatamodel;
		};
/* End XCVersionGroup section */
	};
	rootObject = 29B97313FDCFA39411CA2CEA /* Project object */;
}
